
Microsoft Visual Studio Solution File, Format Version 12.00
# Visual Studio Version 16
VisualStudioVersion = 16.0.31005.135
MinimumVisualStudioVersion = 10.0.40219.1
Project("{FAE04EC0-301F-11D3-BF4B-00C04F79EFBC}") = "EntityFrameWork", "EntityFrameWork\EntityFrameWork.csproj", "{A95B2D08-672E-447B-AB74-61834CB91A27}"
EndProject
Global
	GlobalSection(SolutionConfigurationPlatforms) = preSolution
		Debug|Any CPU = Debug|Any CPU
		Release|Any CPU = Release|Any CPU
	EndGlobalSection
	GlobalSection(ProjectConfigurationPlatforms) = postSolution
		{A95B2D08-672E-447B-AB74-61834CB91A27}.Debug|Any CPU.ActiveCfg = Debug|Any CPU
		{A95B2D08-672E-447B-AB74-61834CB91A27}.Debug|Any CPU.Build.0 = Debug|Any CPU
		{A95B2D08-672E-447B-AB74-61834CB91A27}.Release|Any CPU.ActiveCfg = Release|Any CPU
		{A95B2D08-672E-447B-AB74-61834CB91A27}.Release|Any CPU.Build.0 = Release|Any CPU
	EndGlobalSection
	GlobalSection(SolutionProperties) = preSolution
		HideSolutionNode = FALSE
	EndGlobalSection
	GlobalSection(ExtensibilityGlobals) = postSolution
		SolutionGuid = {DFE3603A-738F-46BC-AABF-35BD9335C224}
	EndGlobalSection
EndGlobal
